
Microsoft Visual Studio Solution File, Format Version 12.00
# Visual Studio 15
VisualStudioVersion = 15.0.27703.2042
MinimumVisualStudioVersion = 10.0.40219.1
Project("{FAE04EC0-301F-11D3-BF4B-00C04F79EFBC}") = "MoneyXchange.Api", "MoneyXchange.Api\MoneyXchange.Api.csproj", "{C7B5980F-3688-4B9C-91AC-A21394CB5670}"
EndProject
Project("{FAE04EC0-301F-11D3-BF4B-00C04F79EFBC}") = "MoneyXchange.Api.Tests", "MoneyXchange.Api.Tests\MoneyXchange.Api.Tests.csproj", "{CDA73F33-8E71-4F9E-8686-363EBDAAE32F}"
EndProject
Global
	GlobalSection(SolutionConfigurationPlatforms) = preSolution
		Debug|Any CPU = Debug|Any CPU
		Release|Any CPU = Release|Any CPU
	EndGlobalSection
	GlobalSection(ProjectConfigurationPlatforms) = postSolution
		{C7B5980F-3688-4B9C-91AC-A21394CB5670}.Debug|Any CPU.ActiveCfg = Debug|Any CPU
		{C7B5980F-3688-4B9C-91AC-A21394CB5670}.Debug|Any CPU.Build.0 = Debug|Any CPU
		{C7B5980F-3688-4B9C-91AC-A21394CB5670}.Release|Any CPU.ActiveCfg = Release|Any CPU
		{C7B5980F-3688-4B9C-91AC-A21394CB5670}.Release|Any CPU.Build.0 = Release|Any CPU
		{CDA73F33-8E71-4F9E-8686-363EBDAAE32F}.Debug|Any CPU.ActiveCfg = Debug|Any CPU
		{CDA73F33-8E71-4F9E-8686-363EBDAAE32F}.Debug|Any CPU.Build.0 = Debug|Any CPU
		{CDA73F33-8E71-4F9E-8686-363EBDAAE32F}.Release|Any CPU.ActiveCfg = Release|Any CPU
		{CDA73F33-8E71-4F9E-8686-363EBDAAE32F}.Release|Any CPU.Build.0 = Release|Any CPU
	EndGlobalSection
	GlobalSection(SolutionProperties) = preSolution
		HideSolutionNode = FALSE
	EndGlobalSection
	GlobalSection(ExtensibilityGlobals) = postSolution
		SolutionGuid = {FD83BF86-1C81-45D5-975A-50D3009EBE88}
	EndGlobalSection
EndGlobal
